
Microsoft Visual Studio Solution File, Format Version 12.00
# Visual Studio 15
VisualStudioVersion = 15.0.26730.12
MinimumVisualStudioVersion = 10.0.40219.1
Project("{FAE04EC0-301F-11D3-BF4B-00C04F79EFBC}") = "AnotherWebFormsIocApproach", "AnotherWebFormsIocApproach\AnotherWebFormsIocApproach.csproj", "{73C1D100-2881-4E06-8493-BC4FD3D04A4B}"
EndProject
Global
	GlobalSection(SolutionConfigurationPlatforms) = preSolution
		Debug|Any CPU = Debug|Any CPU
		Release|Any CPU = Release|Any CPU
	EndGlobalSection
	GlobalSection(ProjectConfigurationPlatforms) = postSolution
		{73C1D100-2881-4E06-8493-BC4FD3D04A4B}.Debug|Any CPU.ActiveCfg = Debug|Any CPU
		{73C1D100-2881-4E06-8493-BC4FD3D04A4B}.Debug|Any CPU.Build.0 = Debug|Any CPU
		{73C1D100-2881-4E06-8493-BC4FD3D04A4B}.Release|Any CPU.ActiveCfg = Release|Any CPU
		{73C1D100-2881-4E06-8493-BC4FD3D04A4B}.Release|Any CPU.Build.0 = Release|Any CPU
	EndGlobalSection
	GlobalSection(SolutionProperties) = preSolution
		HideSolutionNode = FALSE
	EndGlobalSection
	GlobalSection(ExtensibilityGlobals) = postSolution
		SolutionGuid = {9143FAB4-CCB7-4CE7-9EAE-D3D5A2EEAFAA}
	EndGlobalSection
EndGlobal
